// !$*UTF8*$!
{
	archiveVersion = 1;
	classes = {
	};
	objectVersion = 56;
	objects = {

/* Begin PBXBuildFile section */
		6947444F2A89AAEF0012E410 /* TransactionFormView.swift in Sources */ = {isa = PBXBuildFile; fileRef = 6947444E2A89AAEF0012E410 /* TransactionFormView.swift */; };
		694744532A89ABE50012E410 /* PriceFormView.swift in Sources */ = {isa = PBXBuildFile; fileRef = 694744522A89ABE50012E410 /* PriceFormView.swift */; };
		694D9E7A2A87702000CB4A18 /* CurrencyModel.swift in Sources */ = {isa = PBXBuildFile; fileRef = 694D9E792A87702000CB4A18 /* CurrencyModel.swift */; };
		694D9E7C2A87705F00CB4A18 /* CurrencyViewModel.swift in Sources */ = {isa = PBXBuildFile; fileRef = 694D9E7B2A87705F00CB4A18 /* CurrencyViewModel.swift */; };
		694D9E812A8786A900CB4A18 /* PriceModel.swift in Sources */ = {isa = PBXBuildFile; fileRef = 694D9E802A8786A900CB4A18 /* PriceModel.swift */; };
		694D9E832A8786C700CB4A18 /* PriceViewModel.swift in Sources */ = {isa = PBXBuildFile; fileRef = 694D9E822A8786C700CB4A18 /* PriceViewModel.swift */; };
		694D9E862A87929300CB4A18 /* Transaction.swift in Sources */ = {isa = PBXBuildFile; fileRef = 694D9E852A87929300CB4A18 /* Transaction.swift */; };
		694D9E882A87937300CB4A18 /* TransactionViewModel.swift in Sources */ = {isa = PBXBuildFile; fileRef = 694D9E872A87937300CB4A18 /* TransactionViewModel.swift */; };
		694D9E8A2A87939D00CB4A18 /* TransactionView.swift in Sources */ = {isa = PBXBuildFile; fileRef = 694D9E892A87939D00CB4A18 /* TransactionView.swift */; };
		69C9F9F72A714E4E005C0859 /* financel_assetsApp.swift in Sources */ = {isa = PBXBuildFile; fileRef = 69C9F9F62A714E4E005C0859 /* financel_assetsApp.swift */; };
		69C9F9F92A714E4E005C0859 /* AssetView.swift in Sources */ = {isa = PBXBuildFile; fileRef = 69C9F9F82A714E4E005C0859 /* AssetView.swift */; };
		69C9F9FB2A714E4E005C0859 /* Assets.xcassets in Resources */ = {isa = PBXBuildFile; fileRef = 69C9F9FA2A714E4E005C0859 /* Assets.xcassets */; };
		69C9F9FF2A714E4E005C0859 /* Preview Assets.xcassets in Resources */ = {isa = PBXBuildFile; fileRef = 69C9F9FE2A714E4E005C0859 /* Preview Assets.xcassets */; };
		69C9FA092A714E4F005C0859 /* financel_assetsTests.swift in Sources */ = {isa = PBXBuildFile; fileRef = 69C9FA082A714E4F005C0859 /* financel_assetsTests.swift */; };
		69C9FA132A714E4F005C0859 /* financel_assetsUITests.swift in Sources */ = {isa = PBXBuildFile; fileRef = 69C9FA122A714E4F005C0859 /* financel_assetsUITests.swift */; };
		69C9FA152A714E4F005C0859 /* financel_assetsUITestsLaunchTests.swift in Sources */ = {isa = PBXBuildFile; fileRef = 69C9FA142A714E4F005C0859 /* financel_assetsUITestsLaunchTests.swift */; };
		69C9FA272A727970005C0859 /* Database.swift in Sources */ = {isa = PBXBuildFile; fileRef = 69C9FA262A727970005C0859 /* Database.swift */; };
		69C9FA282A727970005C0859 /* Database.swift in Sources */ = {isa = PBXBuildFile; fileRef = 69C9FA262A727970005C0859 /* Database.swift */; };
		69C9FA292A727970005C0859 /* Database.swift in Sources */ = {isa = PBXBuildFile; fileRef = 69C9FA262A727970005C0859 /* Database.swift */; };
		69C9FA2B2A72A985005C0859 /* CurrencyFormView.swift in Sources */ = {isa = PBXBuildFile; fileRef = 69C9FA2A2A72A985005C0859 /* CurrencyFormView.swift */; };
		69C9FA2C2A72A985005C0859 /* CurrencyFormView.swift in Sources */ = {isa = PBXBuildFile; fileRef = 69C9FA2A2A72A985005C0859 /* CurrencyFormView.swift */; };
		69C9FA2D2A72A985005C0859 /* CurrencyFormView.swift in Sources */ = {isa = PBXBuildFile; fileRef = 69C9FA2A2A72A985005C0859 /* CurrencyFormView.swift */; };
		69C9FA382A77E919005C0859 /* PriceView.swift in Sources */ = {isa = PBXBuildFile; fileRef = 69C9FA372A77E919005C0859 /* PriceView.swift */; };
		69C9FA392A77E919005C0859 /* PriceView.swift in Sources */ = {isa = PBXBuildFile; fileRef = 69C9FA372A77E919005C0859 /* PriceView.swift */; };
		69C9FA3A2A77E919005C0859 /* PriceView.swift in Sources */ = {isa = PBXBuildFile; fileRef = 69C9FA372A77E919005C0859 /* PriceView.swift */; };
/* End PBXBuildFile section */

/* Begin PBXContainerItemProxy section */
		69C9FA052A714E4F005C0859 /* PBXContainerItemProxy */ = {
			isa = PBXContainerItemProxy;
			containerPortal = 69C9F9EB2A714E4D005C0859 /* Project object */;
			proxyType = 1;
			remoteGlobalIDString = 69C9F9F22A714E4E005C0859;
			remoteInfo = "financel assets";
		};
		69C9FA0F2A714E4F005C0859 /* PBXContainerItemProxy */ = {
			isa = PBXContainerItemProxy;
			containerPortal = 69C9F9EB2A714E4D005C0859 /* Project object */;
			proxyType = 1;
			remoteGlobalIDString = 69C9F9F22A714E4E005C0859;
			remoteInfo = "financel assets";
		};
/* End PBXContainerItemProxy section */

/* Begin PBXFileReference section */
		6947444E2A89AAEF0012E410 /* TransactionFormView.swift */ = {isa = PBXFileReference; lastKnownFileType = sourcecode.swift; path = TransactionFormView.swift; sourceTree = "<group>"; };
		694744522A89ABE50012E410 /* PriceFormView.swift */ = {isa = PBXFileReference; lastKnownFileType = sourcecode.swift; path = PriceFormView.swift; sourceTree = "<group>"; };
		694D9E792A87702000CB4A18 /* CurrencyModel.swift */ = {isa = PBXFileReference; lastKnownFileType = sourcecode.swift; path = CurrencyModel.swift; sourceTree = "<group>"; };
		694D9E7B2A87705F00CB4A18 /* CurrencyViewModel.swift */ = {isa = PBXFileReference; lastKnownFileType = sourcecode.swift; path = CurrencyViewModel.swift; sourceTree = "<group>"; };
		694D9E802A8786A900CB4A18 /* PriceModel.swift */ = {isa = PBXFileReference; lastKnownFileType = sourcecode.swift; path = PriceModel.swift; sourceTree = "<group>"; };
		694D9E822A8786C700CB4A18 /* PriceViewModel.swift */ = {isa = PBXFileReference; lastKnownFileType = sourcecode.swift; path = PriceViewModel.swift; sourceTree = "<group>"; };
		694D9E852A87929300CB4A18 /* Transaction.swift */ = {isa = PBXFileReference; lastKnownFileType = sourcecode.swift; path = Transaction.swift; sourceTree = "<group>"; };
		694D9E872A87937300CB4A18 /* TransactionViewModel.swift */ = {isa = PBXFileReference; lastKnownFileType = sourcecode.swift; path = TransactionViewModel.swift; sourceTree = "<group>"; };
		694D9E892A87939D00CB4A18 /* TransactionView.swift */ = {isa = PBXFileReference; lastKnownFileType = sourcecode.swift; path = TransactionView.swift; sourceTree = "<group>"; };
		69C9F9F32A714E4E005C0859 /* financel assets.app */ = {isa = PBXFileReference; explicitFileType = wrapper.application; includeInIndex = 0; path = "financel assets.app"; sourceTree = BUILT_PRODUCTS_DIR; };
		69C9F9F62A714E4E005C0859 /* financel_assetsApp.swift */ = {isa = PBXFileReference; lastKnownFileType = sourcecode.swift; path = financel_assetsApp.swift; sourceTree = "<group>"; };
		69C9F9F82A714E4E005C0859 /* AssetView.swift */ = {isa = PBXFileReference; lastKnownFileType = sourcecode.swift; path = AssetView.swift; sourceTree = "<group>"; };
		69C9F9FA2A714E4E005C0859 /* Assets.xcassets */ = {isa = PBXFileReference; lastKnownFileType = folder.assetcatalog; path = Assets.xcassets; sourceTree = "<group>"; };
		69C9F9FC2A714E4E005C0859 /* financel_assets.entitlements */ = {isa = PBXFileReference; lastKnownFileType = text.plist.entitlements; path = financel_assets.entitlements; sourceTree = "<group>"; };
		69C9F9FE2A714E4E005C0859 /* Preview Assets.xcassets */ = {isa = PBXFileReference; lastKnownFileType = folder.assetcatalog; path = "Preview Assets.xcassets"; sourceTree = "<group>"; };
		69C9FA042A714E4F005C0859 /* financel assetsTests.xctest */ = {isa = PBXFileReference; explicitFileType = wrapper.cfbundle; includeInIndex = 0; path = "financel assetsTests.xctest"; sourceTree = BUILT_PRODUCTS_DIR; };
		69C9FA082A714E4F005C0859 /* financel_assetsTests.swift */ = {isa = PBXFileReference; lastKnownFileType = sourcecode.swift; path = financel_assetsTests.swift; sourceTree = "<group>"; };
		69C9FA0E2A714E4F005C0859 /* financel assetsUITests.xctest */ = {isa = PBXFileReference; explicitFileType = wrapper.cfbundle; includeInIndex = 0; path = "financel assetsUITests.xctest"; sourceTree = BUILT_PRODUCTS_DIR; };
		69C9FA122A714E4F005C0859 /* financel_assetsUITests.swift */ = {isa = PBXFileReference; lastKnownFileType = sourcecode.swift; path = financel_assetsUITests.swift; sourceTree = "<group>"; };
		69C9FA142A714E4F005C0859 /* financel_assetsUITestsLaunchTests.swift */ = {isa = PBXFileReference; lastKnownFileType = sourcecode.swift; path = financel_assetsUITestsLaunchTests.swift; sourceTree = "<group>"; };
		69C9FA262A727970005C0859 /* Database.swift */ = {isa = PBXFileReference; lastKnownFileType = sourcecode.swift; path = Database.swift; sourceTree = "<group>"; };
		69C9FA2A2A72A985005C0859 /* CurrencyFormView.swift */ = {isa = PBXFileReference; lastKnownFileType = sourcecode.swift; path = CurrencyFormView.swift; sourceTree = "<group>"; };
		69C9FA372A77E919005C0859 /* PriceView.swift */ = {isa = PBXFileReference; lastKnownFileType = sourcecode.swift; path = PriceView.swift; sourceTree = "<group>"; };
/* End PBXFileReference section */

/* Begin PBXFrameworksBuildPhase section */
		69C9F9F02A714E4E005C0859 /* Frameworks */ = {
			isa = PBXFrameworksBuildPhase;
			buildActionMask = 2147483647;
			files = (
			);
			runOnlyForDeploymentPostprocessing = 0;
		};
		69C9FA012A714E4F005C0859 /* Frameworks */ = {
			isa = PBXFrameworksBuildPhase;
			buildActionMask = 2147483647;
			files = (
			);
			runOnlyForDeploymentPostprocessing = 0;
		};
		69C9FA0B2A714E4F005C0859 /* Frameworks */ = {
			isa = PBXFrameworksBuildPhase;
			buildActionMask = 2147483647;
			files = (
			);
			runOnlyForDeploymentPostprocessing = 0;
		};
/* End PBXFrameworksBuildPhase section */

/* Begin PBXGroup section */
		694D9E782A876FEC00CB4A18 /* CurrencyVİew */ = {
			isa = PBXGroup;
			children = (
				694D9E792A87702000CB4A18 /* CurrencyModel.swift */,
				69C9FA2A2A72A985005C0859 /* CurrencyFormView.swift */,
				694D9E7B2A87705F00CB4A18 /* CurrencyViewModel.swift */,
			);
			name = "CurrencyVİew";
			path = "CurrencyVİew";
			sourceTree = "<group>";
		};
		694D9E7F2A87863800CB4A18 /* PriceView */ = {
			isa = PBXGroup;
			children = (
				694D9E802A8786A900CB4A18 /* PriceModel.swift */,
				69C9FA372A77E919005C0859 /* PriceView.swift */,
				694D9E822A8786C700CB4A18 /* PriceViewModel.swift */,
				694744522A89ABE50012E410 /* PriceFormView.swift */,
			);
			path = PriceView;
			sourceTree = "<group>";
		};
		694D9E842A87927B00CB4A18 /* TransactionView */ = {
			isa = PBXGroup;
			children = (
				694D9E852A87929300CB4A18 /* Transaction.swift */,
				694D9E892A87939D00CB4A18 /* TransactionView.swift */,
				694D9E872A87937300CB4A18 /* TransactionViewModel.swift */,
				6947444E2A89AAEF0012E410 /* TransactionFormView.swift */,
			);
			path = TransactionView;
			sourceTree = "<group>";
		};
		69C9F9EA2A714E4D005C0859 = {
			isa = PBXGroup;
			children = (
				69C9F9F52A714E4E005C0859 /* financel assets */,
				69C9FA072A714E4F005C0859 /* financel assetsTests */,
				69C9FA112A714E4F005C0859 /* financel assetsUITests */,
				69C9F9F42A714E4E005C0859 /* Products */,
			);
			sourceTree = "<group>";
		};
		69C9F9F42A714E4E005C0859 /* Products */ = {
			isa = PBXGroup;
			children = (
				69C9F9F32A714E4E005C0859 /* financel assets.app */,
				69C9FA042A714E4F005C0859 /* financel assetsTests.xctest */,
				69C9FA0E2A714E4F005C0859 /* financel assetsUITests.xctest */,
			);
			name = Products;
			sourceTree = "<group>";
		};
		69C9F9F52A714E4E005C0859 /* financel assets */ = {
			isa = PBXGroup;
			children = (
				69C9F9F62A714E4E005C0859 /* financel_assetsApp.swift */,
				694D9E782A876FEC00CB4A18 /* CurrencyVİew */,
				694D9E7F2A87863800CB4A18 /* PriceView */,
				694D9E842A87927B00CB4A18 /* TransactionView */,
				69C9FA262A727970005C0859 /* Database.swift */,
				69C9F9F82A714E4E005C0859 /* AssetView.swift */,
				69C9F9FA2A714E4E005C0859 /* Assets.xcassets */,
				69C9F9FC2A714E4E005C0859 /* financel_assets.entitlements */,
				69C9F9FD2A714E4E005C0859 /* Preview Content */,
			);
			path = "financel assets";
			sourceTree = "<group>";
		};
		69C9F9FD2A714E4E005C0859 /* Preview Content */ = {
			isa = PBXGroup;
			children = (
				69C9F9FE2A714E4E005C0859 /* Preview Assets.xcassets */,
			);
			path = "Preview Content";
			sourceTree = "<group>";
		};
		69C9FA072A714E4F005C0859 /* financel assetsTests */ = {
			isa = PBXGroup;
			children = (
				69C9FA082A714E4F005C0859 /* financel_assetsTests.swift */,
			);
			path = "financel assetsTests";
			sourceTree = "<group>";
		};
		69C9FA112A714E4F005C0859 /* financel assetsUITests */ = {
			isa = PBXGroup;
			children = (
				69C9FA122A714E4F005C0859 /* financel_assetsUITests.swift */,
				69C9FA142A714E4F005C0859 /* financel_assetsUITestsLaunchTests.swift */,
			);
			path = "financel assetsUITests";
			sourceTree = "<group>";
		};
/* End PBXGroup section */

/* Begin PBXNativeTarget section */
		69C9F9F22A714E4E005C0859 /* financel assets */ = {
			isa = PBXNativeTarget;
			buildConfigurationList = 69C9FA182A714E4F005C0859 /* Build configuration list for PBXNativeTarget "financel assets" */;
			buildPhases = (
				69C9F9EF2A714E4E005C0859 /* Sources */,
				69C9F9F02A714E4E005C0859 /* Frameworks */,
				69C9F9F12A714E4E005C0859 /* Resources */,
			);
			buildRules = (
			);
			dependencies = (
			);
			name = "financel assets";
			productName = "financel assets";
			productReference = 69C9F9F32A714E4E005C0859 /* financel assets.app */;
			productType = "com.apple.product-type.application";
		};
		69C9FA032A714E4F005C0859 /* financel assetsTests */ = {
			isa = PBXNativeTarget;
			buildConfigurationList = 69C9FA1B2A714E4F005C0859 /* Build configuration list for PBXNativeTarget "financel assetsTests" */;
			buildPhases = (
				69C9FA002A714E4F005C0859 /* Sources */,
				69C9FA012A714E4F005C0859 /* Frameworks */,
				69C9FA022A714E4F005C0859 /* Resources */,
			);
			buildRules = (
			);
			dependencies = (
				69C9FA062A714E4F005C0859 /* PBXTargetDependency */,
			);
			name = "financel assetsTests";
			productName = "financel assetsTests";
			productReference = 69C9FA042A714E4F005C0859 /* financel assetsTests.xctest */;
			productType = "com.apple.product-type.bundle.unit-test";
		};
		69C9FA0D2A714E4F005C0859 /* financel assetsUITests */ = {
			isa = PBXNativeTarget;
			buildConfigurationList = 69C9FA1E2A714E4F005C0859 /* Build configuration list for PBXNativeTarget "financel assetsUITests" */;
			buildPhases = (
				69C9FA0A2A714E4F005C0859 /* Sources */,
				69C9FA0B2A714E4F005C0859 /* Frameworks */,
				69C9FA0C2A714E4F005C0859 /* Resources */,
			);
			buildRules = (
			);
			dependencies = (
				69C9FA102A714E4F005C0859 /* PBXTargetDependency */,
			);
			name = "financel assetsUITests";
			productName = "financel assetsUITests";
			productReference = 69C9FA0E2A714E4F005C0859 /* financel assetsUITests.xctest */;
			productType = "com.apple.product-type.bundle.ui-testing";
		};
/* End PBXNativeTarget section */

/* Begin PBXProject section */
		69C9F9EB2A714E4D005C0859 /* Project object */ = {
			isa = PBXProject;
			attributes = {
				BuildIndependentTargetsInParallel = 1;
				LastSwiftUpdateCheck = 1420;
				LastUpgradeCheck = 1420;
				TargetAttributes = {
					69C9F9F22A714E4E005C0859 = {
						CreatedOnToolsVersion = 14.2;
					};
					69C9FA032A714E4F005C0859 = {
						CreatedOnToolsVersion = 14.2;
						TestTargetID = 69C9F9F22A714E4E005C0859;
					};
					69C9FA0D2A714E4F005C0859 = {
						CreatedOnToolsVersion = 14.2;
						TestTargetID = 69C9F9F22A714E4E005C0859;
					};
				};
			};
			buildConfigurationList = 69C9F9EE2A714E4D005C0859 /* Build configuration list for PBXProject "financel assets" */;
			compatibilityVersion = "Xcode 14.0";
			developmentRegion = en;
			hasScannedForEncodings = 0;
			knownRegions = (
				en,
				Base,
			);
			mainGroup = 69C9F9EA2A714E4D005C0859;
			productRefGroup = 69C9F9F42A714E4E005C0859 /* Products */;
			projectDirPath = "";
			projectRoot = "";
			targets = (
				69C9F9F22A714E4E005C0859 /* financel assets */,
				69C9FA032A714E4F005C0859 /* financel assetsTests */,
				69C9FA0D2A714E4F005C0859 /* financel assetsUITests */,
			);
		};
/* End PBXProject section */

/* Begin PBXResourcesBuildPhase section */
		69C9F9F12A714E4E005C0859 /* Resources */ = {
			isa = PBXResourcesBuildPhase;
			buildActionMask = 2147483647;
			files = (
				69C9F9FF2A714E4E005C0859 /* Preview Assets.xcassets in Resources */,
				69C9F9FB2A714E4E005C0859 /* Assets.xcassets in Resources */,
			);
			runOnlyForDeploymentPostprocessing = 0;
		};
		69C9FA022A714E4F005C0859 /* Resources */ = {
			isa = PBXResourcesBuildPhase;
			buildActionMask = 2147483647;
			files = (
			);
			runOnlyForDeploymentPostprocessing = 0;
		};
		69C9FA0C2A714E4F005C0859 /* Resources */ = {
			isa = PBXResourcesBuildPhase;
			buildActionMask = 2147483647;
			files = (
			);
			runOnlyForDeploymentPostprocessing = 0;
		};
/* End PBXResourcesBuildPhase section */

/* Begin PBXSourcesBuildPhase section */
		69C9F9EF2A714E4E005C0859 /* Sources */ = {
			isa = PBXSourcesBuildPhase;
			buildActionMask = 2147483647;
			files = (
				694D9E7A2A87702000CB4A18 /* CurrencyModel.swift in Sources */,
				69C9FA382A77E919005C0859 /* PriceView.swift in Sources */,
				69C9F9F92A714E4E005C0859 /* AssetView.swift in Sources */,
				694D9E7C2A87705F00CB4A18 /* CurrencyViewModel.swift in Sources */,
				694D9E882A87937300CB4A18 /* TransactionViewModel.swift in Sources */,
				694D9E8A2A87939D00CB4A18 /* TransactionView.swift in Sources */,
				694D9E862A87929300CB4A18 /* Transaction.swift in Sources */,
				694D9E832A8786C700CB4A18 /* PriceViewModel.swift in Sources */,
				694744532A89ABE50012E410 /* PriceFormView.swift in Sources */,
				69C9F9F72A714E4E005C0859 /* financel_assetsApp.swift in Sources */,
				6947444F2A89AAEF0012E410 /* TransactionFormView.swift in Sources */,
				69C9FA2B2A72A985005C0859 /* CurrencyFormView.swift in Sources */,
				69C9FA272A727970005C0859 /* Database.swift in Sources */,
				694D9E812A8786A900CB4A18 /* PriceModel.swift in Sources */,
			);
			runOnlyForDeploymentPostprocessing = 0;
		};
		69C9FA002A714E4F005C0859 /* Sources */ = {
			isa = PBXSourcesBuildPhase;
			buildActionMask = 2147483647;
			files = (
				69C9FA392A77E919005C0859 /* PriceView.swift in Sources */,
				69C9FA282A727970005C0859 /* Database.swift in Sources */,
				69C9FA092A714E4F005C0859 /* financel_assetsTests.swift in Sources */,
				69C9FA2C2A72A985005C0859 /* CurrencyFormView.swift in Sources */,
			);
			runOnlyForDeploymentPostprocessing = 0;
		};
		69C9FA0A2A714E4F005C0859 /* Sources */ = {
			isa = PBXSourcesBuildPhase;
			buildActionMask = 2147483647;
			files = (
				69C9FA3A2A77E919005C0859 /* PriceView.swift in Sources */,
				69C9FA132A714E4F005C0859 /* financel_assetsUITests.swift in Sources */,
				69C9FA152A714E4F005C0859 /* financel_assetsUITestsLaunchTests.swift in Sources */,
				69C9FA2D2A72A985005C0859 /* CurrencyFormView.swift in Sources */,
				69C9FA292A727970005C0859 /* Database.swift in Sources */,
			);
			runOnlyForDeploymentPostprocessing = 0;
		};
/* End PBXSourcesBuildPhase section */

/* Begin PBXTargetDependency section */
		69C9FA062A714E4F005C0859 /* PBXTargetDependency */ = {
			isa = PBXTargetDependency;
			target = 69C9F9F22A714E4E005C0859 /* financel assets */;
			targetProxy = 69C9FA052A714E4F005C0859 /* PBXContainerItemProxy */;
		};
		69C9FA102A714E4F005C0859 /* PBXTargetDependency */ = {
			isa = PBXTargetDependency;
			target = 69C9F9F22A714E4E005C0859 /* financel assets */;
			targetProxy = 69C9FA0F2A714E4F005C0859 /* PBXContainerItemProxy */;
		};
/* End PBXTargetDependency section */

/* Begin XCBuildConfiguration section */
		69C9FA162A714E4F005C0859 /* Debug */ = {
			isa = XCBuildConfiguration;
			buildSettings = {
				ALWAYS_SEARCH_USER_PATHS = NO;
				CLANG_ANALYZER_NONNULL = YES;
				CLANG_ANALYZER_NUMBER_OBJECT_CONVERSION = YES_AGGRESSIVE;
				CLANG_CXX_LANGUAGE_STANDARD = "gnu++20";
				CLANG_ENABLE_MODULES = YES;
				CLANG_ENABLE_OBJC_ARC = YES;
				CLANG_ENABLE_OBJC_WEAK = YES;
				CLANG_WARN_BLOCK_CAPTURE_AUTORELEASING = YES;
				CLANG_WARN_BOOL_CONVERSION = YES;
				CLANG_WARN_COMMA = YES;
				CLANG_WARN_CONSTANT_CONVERSION = YES;
				CLANG_WARN_DEPRECATED_OBJC_IMPLEMENTATIONS = YES;
				CLANG_WARN_DIRECT_OBJC_ISA_USAGE = YES_ERROR;
				CLANG_WARN_DOCUMENTATION_COMMENTS = YES;
				CLANG_WARN_EMPTY_BODY = YES;
				CLANG_WARN_ENUM_CONVERSION = YES;
				CLANG_WARN_INFINITE_RECURSION = YES;
				CLANG_WARN_INT_CONVERSION = YES;
				CLANG_WARN_NON_LITERAL_NULL_CONVERSION = YES;
				CLANG_WARN_OBJC_IMPLICIT_RETAIN_SELF = YES;
				CLANG_WARN_OBJC_LITERAL_CONVERSION = YES;
				CLANG_WARN_OBJC_ROOT_CLASS = YES_ERROR;
				CLANG_WARN_QUOTED_INCLUDE_IN_FRAMEWORK_HEADER = YES;
				CLANG_WARN_RANGE_LOOP_ANALYSIS = YES;
				CLANG_WARN_STRICT_PROTOTYPES = YES;
				CLANG_WARN_SUSPICIOUS_MOVE = YES;
				CLANG_WARN_UNGUARDED_AVAILABILITY = YES_AGGRESSIVE;
				CLANG_WARN_UNREACHABLE_CODE = YES;
				CLANG_WARN__DUPLICATE_METHOD_MATCH = YES;
				COPY_PHASE_STRIP = NO;
				DEBUG_INFORMATION_FORMAT = dwarf;
				ENABLE_STRICT_OBJC_MSGSEND = YES;
				ENABLE_TESTABILITY = YES;
				GCC_C_LANGUAGE_STANDARD = gnu11;
				GCC_DYNAMIC_NO_PIC = NO;
				GCC_NO_COMMON_BLOCKS = YES;
				GCC_OPTIMIZATION_LEVEL = 0;
				GCC_PREPROCESSOR_DEFINITIONS = (
					"DEBUG=1",
					"$(inherited)",
				);
				GCC_WARN_64_TO_32_BIT_CONVERSION = YES;
				GCC_WARN_ABOUT_RETURN_TYPE = YES_ERROR;
				GCC_WARN_UNDECLARED_SELECTOR = YES;
				GCC_WARN_UNINITIALIZED_AUTOS = YES_AGGRESSIVE;
				GCC_WARN_UNUSED_FUNCTION = YES;
				GCC_WARN_UNUSED_VARIABLE = YES;
				MTL_ENABLE_DEBUG_INFO = INCLUDE_SOURCE;
				MTL_FAST_MATH = YES;
				ONLY_ACTIVE_ARCH = YES;
				SWIFT_ACTIVE_COMPILATION_CONDITIONS = DEBUG;
				SWIFT_OPTIMIZATION_LEVEL = "-Onone";
			};
			name = Debug;
		};
		69C9FA172A714E4F005C0859 /* Release */ = {
			isa = XCBuildConfiguration;
			buildSettings = {
				ALWAYS_SEARCH_USER_PATHS = NO;
				CLANG_ANALYZER_NONNULL = YES;
				CLANG_ANALYZER_NUMBER_OBJECT_CONVERSION = YES_AGGRESSIVE;
				CLANG_CXX_LANGUAGE_STANDARD = "gnu++20";
				CLANG_ENABLE_MODULES = YES;
				CLANG_ENABLE_OBJC_ARC = YES;
				CLANG_ENABLE_OBJC_WEAK = YES;
				CLANG_WARN_BLOCK_CAPTURE_AUTORELEASING = YES;
				CLANG_WARN_BOOL_CONVERSION = YES;
				CLANG_WARN_COMMA = YES;
				CLANG_WARN_CONSTANT_CONVERSION = YES;
				CLANG_WARN_DEPRECATED_OBJC_IMPLEMENTATIONS = YES;
				CLANG_WARN_DIRECT_OBJC_ISA_USAGE = YES_ERROR;
				CLANG_WARN_DOCUMENTATION_COMMENTS = YES;
				CLANG_WARN_EMPTY_BODY = YES;
				CLANG_WARN_ENUM_CONVERSION = YES;
				CLANG_WARN_INFINITE_RECURSION = YES;
				CLANG_WARN_INT_CONVERSION = YES;
				CLANG_WARN_NON_LITERAL_NULL_CONVERSION = YES;
				CLANG_WARN_OBJC_IMPLICIT_RETAIN_SELF = YES;
				CLANG_WARN_OBJC_LITERAL_CONVERSION = YES;
				CLANG_WARN_OBJC_ROOT_CLASS = YES_ERROR;
				CLANG_WARN_QUOTED_INCLUDE_IN_FRAMEWORK_HEADER = YES;
				CLANG_WARN_RANGE_LOOP_ANALYSIS = YES;
				CLANG_WARN_STRICT_PROTOTYPES = YES;
				CLANG_WARN_SUSPICIOUS_MOVE = YES;
				CLANG_WARN_UNGUARDED_AVAILABILITY = YES_AGGRESSIVE;
				CLANG_WARN_UNREACHABLE_CODE = YES;
				CLANG_WARN__DUPLICATE_METHOD_MATCH = YES;
				COPY_PHASE_STRIP = NO;
				DEBUG_INFORMATION_FORMAT = "dwarf-with-dsym";
				ENABLE_NS_ASSERTIONS = NO;
				ENABLE_STRICT_OBJC_MSGSEND = YES;
				GCC_C_LANGUAGE_STANDARD = gnu11;
				GCC_NO_COMMON_BLOCKS = YES;
				GCC_WARN_64_TO_32_BIT_CONVERSION = YES;
				GCC_WARN_ABOUT_RETURN_TYPE = YES_ERROR;
				GCC_WARN_UNDECLARED_SELECTOR = YES;
				GCC_WARN_UNINITIALIZED_AUTOS = YES_AGGRESSIVE;
				GCC_WARN_UNUSED_FUNCTION = YES;
				GCC_WARN_UNUSED_VARIABLE = YES;
				MTL_ENABLE_DEBUG_INFO = NO;
				MTL_FAST_MATH = YES;
				SWIFT_COMPILATION_MODE = wholemodule;
				SWIFT_OPTIMIZATION_LEVEL = "-O";
			};
			name = Release;
		};
		69C9FA192A714E4F005C0859 /* Debug */ = {
			isa = XCBuildConfiguration;
			buildSettings = {
				ASSETCATALOG_COMPILER_APPICON_NAME = AppIcon;
				ASSETCATALOG_COMPILER_GLOBAL_ACCENT_COLOR_NAME = AccentColor;
				CODE_SIGN_ENTITLEMENTS = "financel assets/financel_assets.entitlements";
				CODE_SIGN_STYLE = Automatic;
				CURRENT_PROJECT_VERSION = 1;
				DEVELOPMENT_ASSET_PATHS = "\"financel assets/Preview Content\"";
				DEVELOPMENT_TEAM = 2NJH433Q6D;
				ENABLE_HARDENED_RUNTIME = YES;
				ENABLE_PREVIEWS = YES;
				GENERATE_INFOPLIST_FILE = YES;
				"INFOPLIST_KEY_UIApplicationSceneManifest_Generation[sdk=iphoneos*]" = YES;
				"INFOPLIST_KEY_UIApplicationSceneManifest_Generation[sdk=iphonesimulator*]" = YES;
				"INFOPLIST_KEY_UIApplicationSupportsIndirectInputEvents[sdk=iphoneos*]" = YES;
				"INFOPLIST_KEY_UIApplicationSupportsIndirectInputEvents[sdk=iphonesimulator*]" = YES;
				"INFOPLIST_KEY_UILaunchScreen_Generation[sdk=iphoneos*]" = YES;
				"INFOPLIST_KEY_UILaunchScreen_Generation[sdk=iphonesimulator*]" = YES;
				"INFOPLIST_KEY_UIStatusBarStyle[sdk=iphoneos*]" = UIStatusBarStyleDefault;
				"INFOPLIST_KEY_UIStatusBarStyle[sdk=iphonesimulator*]" = UIStatusBarStyleDefault;
				INFOPLIST_KEY_UISupportedInterfaceOrientations_iPad = "UIInterfaceOrientationPortrait UIInterfaceOrientationPortraitUpsideDown UIInterfaceOrientationLandscapeLeft UIInterfaceOrientationLandscapeRight";
				INFOPLIST_KEY_UISupportedInterfaceOrientations_iPhone = "UIInterfaceOrientationPortrait UIInterfaceOrientationLandscapeLeft UIInterfaceOrientationLandscapeRight";
				IPHONEOS_DEPLOYMENT_TARGET = 16.2;
				LD_RUNPATH_SEARCH_PATHS = "@executable_path/Frameworks";
				"LD_RUNPATH_SEARCH_PATHS[sdk=macosx*]" = "@executable_path/../Frameworks";
				MACOSX_DEPLOYMENT_TARGET = 13.1;
				MARKETING_VERSION = 1.0;
				PRODUCT_BUNDLE_IDENTIFIER = "io.fatih.financel-assets";
				PRODUCT_NAME = "$(TARGET_NAME)";
				SDKROOT = auto;
				SUPPORTED_PLATFORMS = "iphoneos iphonesimulator";
				SUPPORTS_MACCATALYST = NO;
				SUPPORTS_MAC_DESIGNED_FOR_IPHONE_IPAD = NO;
				SWIFT_EMIT_LOC_STRINGS = YES;
				SWIFT_VERSION = 5.0;
				TARGETED_DEVICE_FAMILY = "1,2";
			};
			name = Debug;
		};
		69C9FA1A2A714E4F005C0859 /* Release */ = {
			isa = XCBuildConfiguration;
			buildSettings = {
				ASSETCATALOG_COMPILER_APPICON_NAME = AppIcon;
				ASSETCATALOG_COMPILER_GLOBAL_ACCENT_COLOR_NAME = AccentColor;
				CODE_SIGN_ENTITLEMENTS = "financel assets/financel_assets.entitlements";
				CODE_SIGN_STYLE = Automatic;
				CURRENT_PROJECT_VERSION = 1;
				DEVELOPMENT_ASSET_PATHS = "\"financel assets/Preview Content\"";
				DEVELOPMENT_TEAM = 2NJH433Q6D;
				ENABLE_HARDENED_RUNTIME = YES;
				ENABLE_PREVIEWS = YES;
				GENERATE_INFOPLIST_FILE = YES;
				"INFOPLIST_KEY_UIApplicationSceneManifest_Generation[sdk=iphoneos*]" = YES;
				"INFOPLIST_KEY_UIApplicationSceneManifest_Generation[sdk=iphonesimulator*]" = YES;
				"INFOPLIST_KEY_UIApplicationSupportsIndirectInputEvents[sdk=iphoneos*]" = YES;
				"INFOPLIST_KEY_UIApplicationSupportsIndirectInputEvents[sdk=iphonesimulator*]" = YES;
				"INFOPLIST_KEY_UILaunchScreen_Generation[sdk=iphoneos*]" = YES;
				"INFOPLIST_KEY_UILaunchScreen_Generation[sdk=iphonesimulator*]" = YES;
				"INFOPLIST_KEY_UIStatusBarStyle[sdk=iphoneos*]" = UIStatusBarStyleDefault;
				"INFOPLIST_KEY_UIStatusBarStyle[sdk=iphonesimulator*]" = UIStatusBarStyleDefault;
				INFOPLIST_KEY_UISupportedInterfaceOrientations_iPad = "UIInterfaceOrientationPortrait UIInterfaceOrientationPortraitUpsideDown UIInterfaceOrientationLandscapeLeft UIInterfaceOrientationLandscapeRight";
				INFOPLIST_KEY_UISupportedInterfaceOrientations_iPhone = "UIInterfaceOrientationPortrait UIInterfaceOrientationLandscapeLeft UIInterfaceOrientationLandscapeRight";
				IPHONEOS_DEPLOYMENT_TARGET = 16.2;
				LD_RUNPATH_SEARCH_PATHS = "@executable_path/Frameworks";
				"LD_RUNPATH_SEARCH_PATHS[sdk=macosx*]" = "@executable_path/../Frameworks";
				MACOSX_DEPLOYMENT_TARGET = 13.1;
				MARKETING_VERSION = 1.0;
				PRODUCT_BUNDLE_IDENTIFIER = "io.fatih.financel-assets";
				PRODUCT_NAME = "$(TARGET_NAME)";
				SDKROOT = auto;
				SUPPORTED_PLATFORMS = "iphoneos iphonesimulator";
				SUPPORTS_MACCATALYST = NO;
				SUPPORTS_MAC_DESIGNED_FOR_IPHONE_IPAD = NO;
				SWIFT_EMIT_LOC_STRINGS = YES;
				SWIFT_VERSION = 5.0;
				TARGETED_DEVICE_FAMILY = "1,2";
			};
			name = Release;
		};
		69C9FA1C2A714E4F005C0859 /* Debug */ = {
			isa = XCBuildConfiguration;
			buildSettings = {
				ALWAYS_EMBED_SWIFT_STANDARD_LIBRARIES = YES;
				BUNDLE_LOADER = "$(TEST_HOST)";
				CODE_SIGN_STYLE = Automatic;
				CURRENT_PROJECT_VERSION = 1;
				DEVELOPMENT_TEAM = 2NJH433Q6D;
				GENERATE_INFOPLIST_FILE = YES;
				IPHONEOS_DEPLOYMENT_TARGET = 16.2;
				MACOSX_DEPLOYMENT_TARGET = 13.1;
				MARKETING_VERSION = 1.0;
				PRODUCT_BUNDLE_IDENTIFIER = "io.fatih.financel-assetsTests";
				PRODUCT_NAME = "$(TARGET_NAME)";
				SDKROOT = auto;
				SUPPORTED_PLATFORMS = "iphoneos iphonesimulator macosx";
				SWIFT_EMIT_LOC_STRINGS = NO;
				SWIFT_VERSION = 5.0;
				TARGETED_DEVICE_FAMILY = "1,2";
				TEST_HOST = "$(BUILT_PRODUCTS_DIR)/financel assets.app/$(BUNDLE_EXECUTABLE_FOLDER_PATH)/financel assets";
			};
			name = Debug;
		};
		69C9FA1D2A714E4F005C0859 /* Release */ = {
			isa = XCBuildConfiguration;
			buildSettings = {
				ALWAYS_EMBED_SWIFT_STANDARD_LIBRARIES = YES;
				BUNDLE_LOADER = "$(TEST_HOST)";
				CODE_SIGN_STYLE = Automatic;
				CURRENT_PROJECT_VERSION = 1;
				DEVELOPMENT_TEAM = 2NJH433Q6D;
				GENERATE_INFOPLIST_FILE = YES;
				IPHONEOS_DEPLOYMENT_TARGET = 16.2;
				MACOSX_DEPLOYMENT_TARGET = 13.1;
				MARKETING_VERSION = 1.0;
				PRODUCT_BUNDLE_IDENTIFIER = "io.fatih.financel-assetsTests";
				PRODUCT_NAME = "$(TARGET_NAME)";
				SDKROOT = auto;
				SUPPORTED_PLATFORMS = "iphoneos iphonesimulator macosx";
				SWIFT_EMIT_LOC_STRINGS = NO;
				SWIFT_VERSION = 5.0;
				TARGETED_DEVICE_FAMILY = "1,2";
				TEST_HOST = "$(BUILT_PRODUCTS_DIR)/financel assets.app/$(BUNDLE_EXECUTABLE_FOLDER_PATH)/financel assets";
			};
			name = Release;
		};
		69C9FA1F2A714E4F005C0859 /* Debug */ = {
			isa = XCBuildConfiguration;
			buildSettings = {
				ALWAYS_EMBED_SWIFT_STANDARD_LIBRARIES = YES;
				CODE_SIGN_STYLE = Automatic;
				CURRENT_PROJECT_VERSION = 1;
				DEVELOPMENT_TEAM = 2NJH433Q6D;
				GENERATE_INFOPLIST_FILE = YES;
				IPHONEOS_DEPLOYMENT_TARGET = 16.2;
				MACOSX_DEPLOYMENT_TARGET = 13.1;
				MARKETING_VERSION = 1.0;
				PRODUCT_BUNDLE_IDENTIFIER = "io.fatih.financel-assetsUITests";
				PRODUCT_NAME = "$(TARGET_NAME)";
				SDKROOT = auto;
				SUPPORTED_PLATFORMS = "iphoneos iphonesimulator macosx";
				SWIFT_EMIT_LOC_STRINGS = NO;
				SWIFT_VERSION = 5.0;
				TARGETED_DEVICE_FAMILY = "1,2";
				TEST_TARGET_NAME = "financel assets";
			};
			name = Debug;
		};
		69C9FA202A714E4F005C0859 /* Release */ = {
			isa = XCBuildConfiguration;
			buildSettings = {
				ALWAYS_EMBED_SWIFT_STANDARD_LIBRARIES = YES;
				CODE_SIGN_STYLE = Automatic;
				CURRENT_PROJECT_VERSION = 1;
				DEVELOPMENT_TEAM = 2NJH433Q6D;
				GENERATE_INFOPLIST_FILE = YES;
				IPHONEOS_DEPLOYMENT_TARGET = 16.2;
				MACOSX_DEPLOYMENT_TARGET = 13.1;
				MARKETING_VERSION = 1.0;
				PRODUCT_BUNDLE_IDENTIFIER = "io.fatih.financel-assetsUITests";
				PRODUCT_NAME = "$(TARGET_NAME)";
				SDKROOT = auto;
				SUPPORTED_PLATFORMS = "iphoneos iphonesimulator macosx";
				SWIFT_EMIT_LOC_STRINGS = NO;
				SWIFT_VERSION = 5.0;
				TARGETED_DEVICE_FAMILY = "1,2";
				TEST_TARGET_NAME = "financel assets";
			};
			name = Release;
		};
/* End XCBuildConfiguration section */

/* Begin XCConfigurationList section */
		69C9F9EE2A714E4D005C0859 /* Build configuration list for PBXProject "financel assets" */ = {
			isa = XCConfigurationList;
			buildConfigurations = (
				69C9FA162A714E4F005C0859 /* Debug */,
				69C9FA172A714E4F005C0859 /* Release */,
			);
			defaultConfigurationIsVisible = 0;
			defaultConfigurationName = Release;
		};
		69C9FA182A714E4F005C0859 /* Build configuration list for PBXNativeTarget "financel assets" */ = {
			isa = XCConfigurationList;
			buildConfigurations = (
				69C9FA192A714E4F005C0859 /* Debug */,
				69C9FA1A2A714E4F005C0859 /* Release */,
			);
			defaultConfigurationIsVisible = 0;
			defaultConfigurationName = Release;
		};
		69C9FA1B2A714E4F005C0859 /* Build configuration list for PBXNativeTarget "financel assetsTests" */ = {
			isa = XCConfigurationList;
			buildConfigurations = (
				69C9FA1C2A714E4F005C0859 /* Debug */,
				69C9FA1D2A714E4F005C0859 /* Release */,
			);
			defaultConfigurationIsVisible = 0;
			defaultConfigurationName = Release;
		};
		69C9FA1E2A714E4F005C0859 /* Build configuration list for PBXNativeTarget "financel assetsUITests" */ = {
			isa = XCConfigurationList;
			buildConfigurations = (
				69C9FA1F2A714E4F005C0859 /* Debug */,
				69C9FA202A714E4F005C0859 /* Release */,
			);
			defaultConfigurationIsVisible = 0;
			defaultConfigurationName = Release;
		};
/* End XCConfigurationList section */
	};
	rootObject = 69C9F9EB2A714E4D005C0859 /* Project object */;
}
